
Microsoft Visual Studio Solution File, Format Version 12.00
# Visual Studio 14
VisualStudioVersion = 14.0.23107.0
MinimumVisualStudioVersion = 10.0.40219.1
Project("{FAE04EC0-301F-11D3-BF4B-00C04F79EFBC}") = "MVC5App", "MVC5App\MVC5App.csproj", "{49F0CE5B-5709-4B41-A168-DECC18AB5EAA}"
EndProject
Project("{FAE04EC0-301F-11D3-BF4B-00C04F79EFBC}") = "WebAPI2", "WebAPI2\WebAPI2.csproj", "{50A8F300-AC20-46EF-964B-176E689D2F30}"
EndProject
Project("{FAE04EC0-301F-11D3-BF4B-00C04F79EFBC}") = "ClassLibrary", "ClassLibrary\ClassLibrary.csproj", "{751DE845-8F7B-4A30-962D-8C8AFE044642}"
EndProject
Global
	GlobalSection(SolutionConfigurationPlatforms) = preSolution
		Debug|Any CPU = Debug|Any CPU
		Release|Any CPU = Release|Any CPU
	EndGlobalSection
	GlobalSection(ProjectConfigurationPlatforms) = postSolution
		{49F0CE5B-5709-4B41-A168-DECC18AB5EAA}.Debug|Any CPU.ActiveCfg = Debug|Any CPU
		{49F0CE5B-5709-4B41-A168-DECC18AB5EAA}.Debug|Any CPU.Build.0 = Debug|Any CPU
		{49F0CE5B-5709-4B41-A168-DECC18AB5EAA}.Release|Any CPU.ActiveCfg = Release|Any CPU
		{49F0CE5B-5709-4B41-A168-DECC18AB5EAA}.Release|Any CPU.Build.0 = Release|Any CPU
		{50A8F300-AC20-46EF-964B-176E689D2F30}.Debug|Any CPU.ActiveCfg = Debug|Any CPU
		{50A8F300-AC20-46EF-964B-176E689D2F30}.Debug|Any CPU.Build.0 = Debug|Any CPU
		{50A8F300-AC20-46EF-964B-176E689D2F30}.Release|Any CPU.ActiveCfg = Release|Any CPU
		{50A8F300-AC20-46EF-964B-176E689D2F30}.Release|Any CPU.Build.0 = Release|Any CPU
		{751DE845-8F7B-4A30-962D-8C8AFE044642}.Debug|Any CPU.ActiveCfg = Debug|Any CPU
		{751DE845-8F7B-4A30-962D-8C8AFE044642}.Debug|Any CPU.Build.0 = Debug|Any CPU
		{751DE845-8F7B-4A30-962D-8C8AFE044642}.Release|Any CPU.ActiveCfg = Release|Any CPU
		{751DE845-8F7B-4A30-962D-8C8AFE044642}.Release|Any CPU.Build.0 = Release|Any CPU
	EndGlobalSection
	GlobalSection(SolutionProperties) = preSolution
		HideSolutionNode = FALSE
	EndGlobalSection
EndGlobal
